
Microsoft Visual Studio Solution File, Format Version 12.00
# Visual Studio Version 17
VisualStudioVersion = 17.14.37314.3
MinimumVisualStudioVersion = 10.0.40219.1
Project("{FAE04EC0-301F-11D3-BF4B-00C04F79EFBC}") = "BlazorCodeChallenge", "BlazorCodeChallenge.csproj", "{736F677F-BFA9-43F0-A992-C68E588F193C}"
EndProject
Global
	GlobalSection(SolutionConfigurationPlatforms) = preSolution
		Debug|Any CPU = Debug|Any CPU
		Release|Any CPU = Release|Any CPU
	EndGlobalSection
	GlobalSection(ProjectConfigurationPlatforms) = postSolution
		{736F677F-BFA9-43F0-A992-C68E588F193C}.Debug|Any CPU.ActiveCfg = Debug|Any CPU
		{736F677F-BFA9-43F0-A992-C68E588F193C}.Debug|Any CPU.Build.0 = Debug|Any CPU
		{736F677F-BFA9-43F0-A992-C68E588F193C}.Release|Any CPU.ActiveCfg = Release|Any CPU
		{736F677F-BFA9-43F0-A992-C68E588F193C}.Release|Any CPU.Build.0 = Release|Any CPU
	EndGlobalSection
	GlobalSection(SolutionProperties) = preSolution
		HideSolutionNode = FALSE
	EndGlobalSection
	GlobalSection(ExtensibilityGlobals) = postSolution
		SolutionGuid = {96F65652-AD81-4B01-8745-BA1AB7007DF8}
	EndGlobalSection
EndGlobal
